
Microsoft Visual Studio Solution File, Format Version 12.00
# Visual Studio Version 17
VisualStudioVersion = 17.14.36705.20
MinimumVisualStudioVersion = 10.0.40219.1
Project("{FAE04EC0-301F-11D3-BF4B-00C04F79EFBC}") = "Rentaly.EntityLayer", "Rentaly.EntityLayer\Rentaly.EntityLayer.csproj", "{B76BF695-E5BE-48A2-A520-31DB9BFD0BE9}"
EndProject
Project("{FAE04EC0-301F-11D3-BF4B-00C04F79EFBC}") = "Rentaly.DataAccessLayer", "Rentaly.DataAccessLayer\Rentaly.DataAccessLayer.csproj", "{3C879421-4D8C-4D65-8B97-EBDF01EE0A22}"
EndProject
Project("{FAE04EC0-301F-11D3-BF4B-00C04F79EFBC}") = "Rentaly.BusinessLayer", "Rentaly.BusinessLayer\Rentaly.BusinessLayer.csproj", "{1E517AD3-DB77-49DE-9A9A-07A2DD3AA862}"
EndProject
Project("{FAE04EC0-301F-11D3-BF4B-00C04F79EFBC}") = "Rentaly.WebUI", "Rentaly.WebUI\Rentaly.WebUI.csproj", "{7A5AC82B-E5F0-482A-AB39-C23D4D7EF2E3}"
EndProject
Project("{FAE04EC0-301F-11D3-BF4B-00C04F79EFBC}") = "Rentaly.DtoLayer", "Rentaly.DtoLayer\Rentaly.DtoLayer.csproj", "{DCF7BE29-7BD3-4910-912F-F54B98E0672D}"
EndProject
Project("{2150E333-8FDC-42A3-9474-1A3956D46DE8}") = "Solution Items", "Solution Items", "{8EC462FD-D22E-90A8-E5CE-7E832BA40C5D}"
	ProjectSection(SolutionItems) = preProject
		.gitignore = .gitignore
	EndProjectSection
EndProject
Global
	GlobalSection(SolutionConfigurationPlatforms) = preSolution
		Debug|Any CPU = Debug|Any CPU
		Release|Any CPU = Release|Any CPU
	EndGlobalSection
	GlobalSection(ProjectConfigurationPlatforms) = postSolution
		{B76BF695-E5BE-48A2-A520-31DB9BFD0BE9}.Debug|Any CPU.ActiveCfg = Debug|Any CPU
		{B76BF695-E5BE-48A2-A520-31DB9BFD0BE9}.Debug|Any CPU.Build.0 = Debug|Any CPU
		{B76BF695-E5BE-48A2-A520-31DB9BFD0BE9}.Release|Any CPU.ActiveCfg = Release|Any CPU
		{B76BF695-E5BE-48A2-A520-31DB9BFD0BE9}.Release|Any CPU.Build.0 = Release|Any CPU
		{3C879421-4D8C-4D65-8B97-EBDF01EE0A22}.Debug|Any CPU.ActiveCfg = Debug|Any CPU
		{3C879421-4D8C-4D65-8B97-EBDF01EE0A22}.Debug|Any CPU.Build.0 = Debug|Any CPU
		{3C879421-4D8C-4D65-8B97-EBDF01EE0A22}.Release|Any CPU.ActiveCfg = Release|Any CPU
		{3C879421-4D8C-4D65-8B97-EBDF01EE0A22}.Release|Any CPU.Build.0 = Release|Any CPU
		{1E517AD3-DB77-49DE-9A9A-07A2DD3AA862}.Debug|Any CPU.ActiveCfg = Debug|Any CPU
		{1E517AD3-DB77-49DE-9A9A-07A2DD3AA862}.Debug|Any CPU.Build.0 = Debug|Any CPU
		{1E517AD3-DB77-49DE-9A9A-07A2DD3AA862}.Release|Any CPU.ActiveCfg = Release|Any CPU
		{1E517AD3-DB77-49DE-9A9A-07A2DD3AA862}.Release|Any CPU.Build.0 = Release|Any CPU
		{7A5AC82B-E5F0-482A-AB39-C23D4D7EF2E3}.Debug|Any CPU.ActiveCfg = Debug|Any CPU
		{7A5AC82B-E5F0-482A-AB39-C23D4D7EF2E3}.Debug|Any CPU.Build.0 = Debug|Any CPU
		{7A5AC82B-E5F0-482A-AB39-C23D4D7EF2E3}.Release|Any CPU.ActiveCfg = Release|Any CPU
		{7A5AC82B-E5F0-482A-AB39-C23D4D7EF2E3}.Release|Any CPU.Build.0 = Release|Any CPU
		{DCF7BE29-7BD3-4910-912F-F54B98E0672D}.Debug|Any CPU.ActiveCfg = Debug|Any CPU
		{DCF7BE29-7BD3-4910-912F-F54B98E0672D}.Debug|Any CPU.Build.0 = Debug|Any CPU
		{DCF7BE29-7BD3-4910-912F-F54B98E0672D}.Release|Any CPU.ActiveCfg = Release|Any CPU
		{DCF7BE29-7BD3-4910-912F-F54B98E0672D}.Release|Any CPU.Build.0 = Release|Any CPU
	EndGlobalSection
	GlobalSection(SolutionProperties) = preSolution
		HideSolutionNode = FALSE
	EndGlobalSection
	GlobalSection(ExtensibilityGlobals) = postSolution
		SolutionGuid = {FF4C4C4E-CBF0-476B-BF13-952B2BFDEEA5}
	EndGlobalSection
EndGlobal
